
Microsoft Visual Studio Solution File, Format Version 12.00
# Visual Studio Version 17
VisualStudioVersion = 17.0.32014.148
MinimumVisualStudioVersion = 10.0.40219.1
Project("{FAE04EC0-301F-11D3-BF4B-00C04F79EFBC}") = "jogodavelha", "jogodavelha\jogodavelha.csproj", "{8057E49F-3315-4A20-A42F-02DBFF85424B}"
EndProject
Global
	GlobalSection(SolutionConfigurationPlatforms) = preSolution
		Debug|Any CPU = Debug|Any CPU
		Release|Any CPU = Release|Any CPU
	EndGlobalSection
	GlobalSection(ProjectConfigurationPlatforms) = postSolution
		{8057E49F-3315-4A20-A42F-02DBFF85424B}.Debug|Any CPU.ActiveCfg = Debug|Any CPU
		{8057E49F-3315-4A20-A42F-02DBFF85424B}.Debug|Any CPU.Build.0 = Debug|Any CPU
		{8057E49F-3315-4A20-A42F-02DBFF85424B}.Release|Any CPU.ActiveCfg = Release|Any CPU
		{8057E49F-3315-4A20-A42F-02DBFF85424B}.Release|Any CPU.Build.0 = Release|Any CPU
	EndGlobalSection
	GlobalSection(SolutionProperties) = preSolution
		HideSolutionNode = FALSE
	EndGlobalSection
	GlobalSection(ExtensibilityGlobals) = postSolution
		SolutionGuid = {7A09E414-12C2-4817-BBCD-9AFB94A79BF3}
	EndGlobalSection
EndGlobal
